
Microsoft Visual Studio Solution File, Format Version 12.00
# Visual Studio Version 17
VisualStudioVersion = 17.5.33530.505
MinimumVisualStudioVersion = 10.0.40219.1
Project("{FAE04EC0-301F-11D3-BF4B-00C04F79EFBC}") = "ContactsApp", "ContactsApp\ContactsApp.csproj", "{0AC2D48B-4998-497C-8417-CF53C1E8A041}"
EndProject
Global
	GlobalSection(SolutionConfigurationPlatforms) = preSolution
		Debug|Any CPU = Debug|Any CPU
		Release|Any CPU = Release|Any CPU
	EndGlobalSection
	GlobalSection(ProjectConfigurationPlatforms) = postSolution
		{0AC2D48B-4998-497C-8417-CF53C1E8A041}.Debug|Any CPU.ActiveCfg = Debug|Any CPU
		{0AC2D48B-4998-497C-8417-CF53C1E8A041}.Debug|Any CPU.Build.0 = Debug|Any CPU
		{0AC2D48B-4998-497C-8417-CF53C1E8A041}.Release|Any CPU.ActiveCfg = Release|Any CPU
		{0AC2D48B-4998-497C-8417-CF53C1E8A041}.Release|Any CPU.Build.0 = Release|Any CPU
	EndGlobalSection
	GlobalSection(SolutionProperties) = preSolution
		HideSolutionNode = FALSE
	EndGlobalSection
	GlobalSection(ExtensibilityGlobals) = postSolution
		SolutionGuid = {654BC5FE-A9EB-4B0B-8ECD-6EC76C19287B}
	EndGlobalSection
EndGlobal
